
Microsoft Visual Studio Solution File, Format Version 12.00
# Visual Studio Version 16
VisualStudioVersion = 16.0.29728.190
MinimumVisualStudioVersion = 10.0.40219.1
Project("{FAE04EC0-301F-11D3-BF4B-00C04F79EFBC}") = "Functional programs", "Functional programs.csproj", "{6FB5565B-D40E-4F3B-839F-CF072F6FB768}"
EndProject
Global
	GlobalSection(SolutionConfigurationPlatforms) = preSolution
		Debug|Any CPU = Debug|Any CPU
		Release|Any CPU = Release|Any CPU
	EndGlobalSection
	GlobalSection(ProjectConfigurationPlatforms) = postSolution
		{6FB5565B-D40E-4F3B-839F-CF072F6FB768}.Debug|Any CPU.ActiveCfg = Debug|Any CPU
		{6FB5565B-D40E-4F3B-839F-CF072F6FB768}.Debug|Any CPU.Build.0 = Debug|Any CPU
		{6FB5565B-D40E-4F3B-839F-CF072F6FB768}.Release|Any CPU.ActiveCfg = Release|Any CPU
		{6FB5565B-D40E-4F3B-839F-CF072F6FB768}.Release|Any CPU.Build.0 = Release|Any CPU
	EndGlobalSection
	GlobalSection(SolutionProperties) = preSolution
		HideSolutionNode = FALSE
	EndGlobalSection
	GlobalSection(ExtensibilityGlobals) = postSolution
		SolutionGuid = {FE0E0C39-8B40-40F8-AE3F-87A861B2E01A}
	EndGlobalSection
EndGlobal
