
Microsoft Visual Studio Solution File, Format Version 12.00
# Visual Studio Version 16
VisualStudioVersion = 16.0.29806.167
MinimumVisualStudioVersion = 10.0.40219.1
Project("{FAE04EC0-301F-11D3-BF4B-00C04F79EFBC}") = "Analyser", "Analyser.csproj", "{CBDE548F-5C0D-45FD-B922-0BF2BDA2C66B}"
EndProject
Project("{FAE04EC0-301F-11D3-BF4B-00C04F79EFBC}") = "NUnitTestProject1", "..\NUnitTestProject1\NUnitTestProject1.csproj", "{DC0D0929-DB2D-499F-B98D-81DC119201F9}"
EndProject
Global
	GlobalSection(SolutionConfigurationPlatforms) = preSolution
		Debug|Any CPU = Debug|Any CPU
		Release|Any CPU = Release|Any CPU
	EndGlobalSection
	GlobalSection(ProjectConfigurationPlatforms) = postSolution
		{CBDE548F-5C0D-45FD-B922-0BF2BDA2C66B}.Debug|Any CPU.ActiveCfg = Debug|Any CPU
		{CBDE548F-5C0D-45FD-B922-0BF2BDA2C66B}.Debug|Any CPU.Build.0 = Debug|Any CPU
		{CBDE548F-5C0D-45FD-B922-0BF2BDA2C66B}.Release|Any CPU.ActiveCfg = Release|Any CPU
		{CBDE548F-5C0D-45FD-B922-0BF2BDA2C66B}.Release|Any CPU.Build.0 = Release|Any CPU
		{DC0D0929-DB2D-499F-B98D-81DC119201F9}.Debug|Any CPU.ActiveCfg = Debug|Any CPU
		{DC0D0929-DB2D-499F-B98D-81DC119201F9}.Debug|Any CPU.Build.0 = Debug|Any CPU
		{DC0D0929-DB2D-499F-B98D-81DC119201F9}.Release|Any CPU.ActiveCfg = Release|Any CPU
		{DC0D0929-DB2D-499F-B98D-81DC119201F9}.Release|Any CPU.Build.0 = Release|Any CPU
	EndGlobalSection
	GlobalSection(SolutionProperties) = preSolution
		HideSolutionNode = FALSE
	EndGlobalSection
	GlobalSection(ExtensibilityGlobals) = postSolution
		SolutionGuid = {3EA58851-AE39-4532-A139-8CA6722DF75B}
	EndGlobalSection
EndGlobal
